services:
    awaresoft.breadcrumb.block.breadcrumb:
        class: Awaresoft\BreadcrumbBundle\Block\BreadcrumbBlock
        tags:
            - { name: sonata.breadcrumb }
            - { name: sonata.block }
        arguments:
            - awaresoft.breadcrumb.block.breadcrumb
            - "@templating"
            - "@knp_menu.menu_provider"
            - "@knp_menu.factory"
            - "@service_container"
            - "@logger"
            - "@request_stack"
            - "@doctrine.orm.entity_manager"
            - "@sonata.page.cms_manager_selector"
            - "@sonata.page.site.selector"
            - "@translator"